
Microsoft Visual Studio Solution File, Format Version 12.00
# Visual Studio Version 17
VisualStudioVersion = 17.2.32616.157
MinimumVisualStudioVersion = 10.0.40219.1
Project("{9A19103F-16F7-4668-BE54-9A1E7A4F7556}") = "Infoss.Master.ExchangeRateService", "Infoss.Master.ExchangeRateService.csproj", "{01C8B53A-8056-4A2F-A9E8-D165180AA6B3}"
EndProject
Global
	GlobalSection(SolutionConfigurationPlatforms) = preSolution
		Debug|Any CPU = Debug|Any CPU
		Release|Any CPU = Release|Any CPU
	EndGlobalSection
	GlobalSection(ProjectConfigurationPlatforms) = postSolution
		{01C8B53A-8056-4A2F-A9E8-D165180AA6B3}.Debug|Any CPU.ActiveCfg = Debug|Any CPU
		{01C8B53A-8056-4A2F-A9E8-D165180AA6B3}.Debug|Any CPU.Build.0 = Debug|Any CPU
		{01C8B53A-8056-4A2F-A9E8-D165180AA6B3}.Release|Any CPU.ActiveCfg = Release|Any CPU
		{01C8B53A-8056-4A2F-A9E8-D165180AA6B3}.Release|Any CPU.Build.0 = Release|Any CPU
	EndGlobalSection
	GlobalSection(SolutionProperties) = preSolution
		HideSolutionNode = FALSE
	EndGlobalSection
	GlobalSection(ExtensibilityGlobals) = postSolution
		SolutionGuid = {1F38217C-7E15-4B08-90B5-7E0E0EA70721}
	EndGlobalSection
EndGlobal
