
Microsoft Visual Studio Solution File, Format Version 12.00
# Visual Studio Version 17
VisualStudioVersion = 17.2.32616.157
MinimumVisualStudioVersion = 10.0.40219.1
Project("{9A19103F-16F7-4668-BE54-9A1E7A4F7556}") = "Infoss.Master.ExchangeRateService", "Infoss.Master.ExchangeRateService.csproj", "{01C8B53A-8056-4A2F-A9E8-D165180AA6B3}"
EndProject
<<<<<<< HEAD
=======
Project("{FAE04EC0-301F-11D3-BF4B-00C04F79EFBC}") = "Models", "..\Models\Models.csproj", "{97A4BFC9-B42B-45DC-9B14-8BF300EFF68D}"
EndProject
>>>>>>> 839a904f3d8485ea1399bcdb298c0bab7c708da8
Global
	GlobalSection(SolutionConfigurationPlatforms) = preSolution
		Debug|Any CPU = Debug|Any CPU
		Release|Any CPU = Release|Any CPU
	EndGlobalSection
	GlobalSection(ProjectConfigurationPlatforms) = postSolution
		{01C8B53A-8056-4A2F-A9E8-D165180AA6B3}.Debug|Any CPU.ActiveCfg = Debug|Any CPU
		{01C8B53A-8056-4A2F-A9E8-D165180AA6B3}.Debug|Any CPU.Build.0 = Debug|Any CPU
		{01C8B53A-8056-4A2F-A9E8-D165180AA6B3}.Release|Any CPU.ActiveCfg = Release|Any CPU
		{01C8B53A-8056-4A2F-A9E8-D165180AA6B3}.Release|Any CPU.Build.0 = Release|Any CPU
<<<<<<< HEAD
=======
		{97A4BFC9-B42B-45DC-9B14-8BF300EFF68D}.Debug|Any CPU.ActiveCfg = Debug|Any CPU
		{97A4BFC9-B42B-45DC-9B14-8BF300EFF68D}.Debug|Any CPU.Build.0 = Debug|Any CPU
		{97A4BFC9-B42B-45DC-9B14-8BF300EFF68D}.Release|Any CPU.ActiveCfg = Release|Any CPU
		{97A4BFC9-B42B-45DC-9B14-8BF300EFF68D}.Release|Any CPU.Build.0 = Release|Any CPU
>>>>>>> 839a904f3d8485ea1399bcdb298c0bab7c708da8
	EndGlobalSection
	GlobalSection(SolutionProperties) = preSolution
		HideSolutionNode = FALSE
	EndGlobalSection
	GlobalSection(ExtensibilityGlobals) = postSolution
		SolutionGuid = {1F38217C-7E15-4B08-90B5-7E0E0EA70721}
	EndGlobalSection
EndGlobal
